
Microsoft Visual Studio Solution File, Format Version 12.00
# Visual Studio 15
VisualStudioVersion = 15.0.27703.2035
MinimumVisualStudioVersion = 10.0.40219.1
Project("{FAE04EC0-301F-11D3-BF4B-00C04F79EFBC}") = "SavingIntoAnArray", "SavingIntoAnArray\SavingIntoAnArray.csproj", "{1D1B3B0F-835C-4487-B1D7-16F8E595FAD0}"
EndProject
Global
	GlobalSection(SolutionConfigurationPlatforms) = preSolution
		Debug|Any CPU = Debug|Any CPU
		Release|Any CPU = Release|Any CPU
	EndGlobalSection
	GlobalSection(ProjectConfigurationPlatforms) = postSolution
		{1D1B3B0F-835C-4487-B1D7-16F8E595FAD0}.Debug|Any CPU.ActiveCfg = Debug|Any CPU
		{1D1B3B0F-835C-4487-B1D7-16F8E595FAD0}.Debug|Any CPU.Build.0 = Debug|Any CPU
		{1D1B3B0F-835C-4487-B1D7-16F8E595FAD0}.Release|Any CPU.ActiveCfg = Release|Any CPU
		{1D1B3B0F-835C-4487-B1D7-16F8E595FAD0}.Release|Any CPU.Build.0 = Release|Any CPU
	EndGlobalSection
	GlobalSection(SolutionProperties) = preSolution
		HideSolutionNode = FALSE
	EndGlobalSection
	GlobalSection(ExtensibilityGlobals) = postSolution
		SolutionGuid = {8BF54FE0-5902-42DE-B8DA-16392444D130}
	EndGlobalSection
EndGlobal
